// !$*UTF8*$!
{
	archiveVersion = 1;
	classes = {
	};
	objectVersion = 50;
	objects = {

/* Begin PBXBuildFile section */
		D51E798F2553C4ED00D831E7 /* itemDetailVC.swift in Sources */ = {isa = PBXBuildFile; fileRef = D51E798E2553C4ED00D831E7 /* itemDetailVC.swift */; };
		D5627F5225524B6F002395E7 /* ItemType+CoreDataClass.swift in Sources */ = {isa = PBXBuildFile; fileRef = D5627F4C25524B6F002395E7 /* ItemType+CoreDataClass.swift */; };
		D5627F5325524B6F002395E7 /* ItemType+CoreDataProperties.swift in Sources */ = {isa = PBXBuildFile; fileRef = D5627F4D25524B6F002395E7 /* ItemType+CoreDataProperties.swift */; };
		D5627F5425524B6F002395E7 /* Person+CoreDataClass.swift in Sources */ = {isa = PBXBuildFile; fileRef = D5627F4E25524B6F002395E7 /* Person+CoreDataClass.swift */; };
		D5627F5525524B6F002395E7 /* Person+CoreDataProperties.swift in Sources */ = {isa = PBXBuildFile; fileRef = D5627F4F25524B6F002395E7 /* Person+CoreDataProperties.swift */; };
		D5627F5625524B6F002395E7 /* Item+CoreDataClass.swift in Sources */ = {isa = PBXBuildFile; fileRef = D5627F5025524B6F002395E7 /* Item+CoreDataClass.swift */; };
		D5627F5725524B6F002395E7 /* Item+CoreDataProperties.swift in Sources */ = {isa = PBXBuildFile; fileRef = D5627F5125524B6F002395E7 /* Item+CoreDataProperties.swift */; };
		D5627F5E25524C96002395E7 /* TableViewCell.swift in Sources */ = {isa = PBXBuildFile; fileRef = D5627F5D25524C96002395E7 /* TableViewCell.swift */; };
		D5627F6225524D32002395E7 /* extensions.swift in Sources */ = {isa = PBXBuildFile; fileRef = D5627F6125524D32002395E7 /* extensions.swift */; };
		D5B36E252555025600E3F310 /* enums.swift in Sources */ = {isa = PBXBuildFile; fileRef = D5B36E242555025600E3F310 /* enums.swift */; };
		D5C215FE25523B4900A65EC7 /* AppDelegate.swift in Sources */ = {isa = PBXBuildFile; fileRef = D5C215FD25523B4900A65EC7 /* AppDelegate.swift */; };
		D5C2160025523B4900A65EC7 /* SceneDelegate.swift in Sources */ = {isa = PBXBuildFile; fileRef = D5C215FF25523B4900A65EC7 /* SceneDelegate.swift */; };
		D5C2160225523B4900A65EC7 /* mainVC.swift in Sources */ = {isa = PBXBuildFile; fileRef = D5C2160125523B4900A65EC7 /* mainVC.swift */; };
		D5C2160525523B4900A65EC7 /* Main.storyboard in Resources */ = {isa = PBXBuildFile; fileRef = D5C2160325523B4900A65EC7 /* Main.storyboard */; };
		D5C2160825523B4900A65EC7 /* toDoList.xcdatamodeld in Sources */ = {isa = PBXBuildFile; fileRef = D5C2160625523B4900A65EC7 /* toDoList.xcdatamodeld */; };
		D5C2160A25523B4C00A65EC7 /* Assets.xcassets in Resources */ = {isa = PBXBuildFile; fileRef = D5C2160925523B4C00A65EC7 /* Assets.xcassets */; };
		D5C2160D25523B4C00A65EC7 /* LaunchScreen.storyboard in Resources */ = {isa = PBXBuildFile; fileRef = D5C2160B25523B4C00A65EC7 /* LaunchScreen.storyboard */; };
/* End PBXBuildFile section */

/* Begin PBXFileReference section */
		D51E798E2553C4ED00D831E7 /* itemDetailVC.swift */ = {isa = PBXFileReference; lastKnownFileType = sourcecode.swift; path = itemDetailVC.swift; sourceTree = "<group>"; };
		D5627F4C25524B6F002395E7 /* ItemType+CoreDataClass.swift */ = {isa = PBXFileReference; lastKnownFileType = sourcecode.swift; path = "ItemType+CoreDataClass.swift"; sourceTree = "<group>"; };
		D5627F4D25524B6F002395E7 /* ItemType+CoreDataProperties.swift */ = {isa = PBXFileReference; lastKnownFileType = sourcecode.swift; path = "ItemType+CoreDataProperties.swift"; sourceTree = "<group>"; };
		D5627F4E25524B6F002395E7 /* Person+CoreDataClass.swift */ = {isa = PBXFileReference; lastKnownFileType = sourcecode.swift; path = "Person+CoreDataClass.swift"; sourceTree = "<group>"; };
		D5627F4F25524B6F002395E7 /* Person+CoreDataProperties.swift */ = {isa = PBXFileReference; lastKnownFileType = sourcecode.swift; path = "Person+CoreDataProperties.swift"; sourceTree = "<group>"; };
		D5627F5025524B6F002395E7 /* Item+CoreDataClass.swift */ = {isa = PBXFileReference; lastKnownFileType = sourcecode.swift; path = "Item+CoreDataClass.swift"; sourceTree = "<group>"; };
		D5627F5125524B6F002395E7 /* Item+CoreDataProperties.swift */ = {isa = PBXFileReference; lastKnownFileType = sourcecode.swift; path = "Item+CoreDataProperties.swift"; sourceTree = "<group>"; };
		D5627F5D25524C96002395E7 /* TableViewCell.swift */ = {isa = PBXFileReference; lastKnownFileType = sourcecode.swift; path = TableViewCell.swift; sourceTree = "<group>"; };
		D5627F6125524D32002395E7 /* extensions.swift */ = {isa = PBXFileReference; lastKnownFileType = sourcecode.swift; path = extensions.swift; sourceTree = "<group>"; };
		D5B36E242555025600E3F310 /* enums.swift */ = {isa = PBXFileReference; lastKnownFileType = sourcecode.swift; path = enums.swift; sourceTree = "<group>"; };
		D5C215FA25523B4900A65EC7 /* toDoList.app */ = {isa = PBXFileReference; explicitFileType = wrapper.application; includeInIndex = 0; path = toDoList.app; sourceTree = BUILT_PRODUCTS_DIR; };
		D5C215FD25523B4900A65EC7 /* AppDelegate.swift */ = {isa = PBXFileReference; lastKnownFileType = sourcecode.swift; path = AppDelegate.swift; sourceTree = "<group>"; };
		D5C215FF25523B4900A65EC7 /* SceneDelegate.swift */ = {isa = PBXFileReference; lastKnownFileType = sourcecode.swift; path = SceneDelegate.swift; sourceTree = "<group>"; };
		D5C2160125523B4900A65EC7 /* mainVC.swift */ = {isa = PBXFileReference; lastKnownFileType = sourcecode.swift; path = mainVC.swift; sourceTree = "<group>"; };
		D5C2160425523B4900A65EC7 /* Base */ = {isa = PBXFileReference; lastKnownFileType = file.storyboard; name = Base; path = Base.lproj/Main.storyboard; sourceTree = "<group>"; };
		D5C2160725523B4900A65EC7 /* toDoList.xcdatamodel */ = {isa = PBXFileReference; lastKnownFileType = wrapper.xcdatamodel; path = toDoList.xcdatamodel; sourceTree = "<group>"; };
		D5C2160925523B4C00A65EC7 /* Assets.xcassets */ = {isa = PBXFileReference; lastKnownFileType = folder.assetcatalog; path = Assets.xcassets; sourceTree = "<group>"; };
		D5C2160C25523B4C00A65EC7 /* Base */ = {isa = PBXFileReference; lastKnownFileType = file.storyboard; name = Base; path = Base.lproj/LaunchScreen.storyboard; sourceTree = "<group>"; };
		D5C2160E25523B4C00A65EC7 /* Info.plist */ = {isa = PBXFileReference; lastKnownFileType = text.plist.xml; path = Info.plist; sourceTree = "<group>"; };
/* End PBXFileReference section */

/* Begin PBXFrameworksBuildPhase section */
		D5C215F725523B4900A65EC7 /* Frameworks */ = {
			isa = PBXFrameworksBuildPhase;
			buildActionMask = 2147483647;
			files = (
			);
			runOnlyForDeploymentPostprocessing = 0;
		};
/* End PBXFrameworksBuildPhase section */

/* Begin PBXGroup section */
		D5627F5925524B7C002395E7 /* Model */ = {
			isa = PBXGroup;
			children = (
				D5627F4C25524B6F002395E7 /* ItemType+CoreDataClass.swift */,
				D5627F4E25524B6F002395E7 /* Person+CoreDataClass.swift */,
				D5627F5025524B6F002395E7 /* Item+CoreDataClass.swift */,
				D5627F5A25524B82002395E7 /* Generated */,
			);
			path = Model;
			sourceTree = "<group>";
		};
		D5627F5A25524B82002395E7 /* Generated */ = {
			isa = PBXGroup;
			children = (
				D5627F4D25524B6F002395E7 /* ItemType+CoreDataProperties.swift */,
				D5627F4F25524B6F002395E7 /* Person+CoreDataProperties.swift */,
				D5627F5125524B6F002395E7 /* Item+CoreDataProperties.swift */,
			);
			path = Generated;
			sourceTree = "<group>";
		};
		D5627F5C25524C76002395E7 /* View */ = {
			isa = PBXGroup;
			children = (
				D5627F5D25524C96002395E7 /* TableViewCell.swift */,
			);
			path = View;
			sourceTree = "<group>";
		};
		D5627F6025524D1F002395E7 /* Utils */ = {
			isa = PBXGroup;
			children = (
				D5627F6125524D32002395E7 /* extensions.swift */,
				D5B36E242555025600E3F310 /* enums.swift */,
			);
			path = Utils;
			sourceTree = "<group>";
		};
		D5C215F125523B4900A65EC7 = {
			isa = PBXGroup;
			children = (
				D5C215FC25523B4900A65EC7 /* toDoList */,
				D5C215FB25523B4900A65EC7 /* Products */,
			);
			sourceTree = "<group>";
		};
		D5C215FB25523B4900A65EC7 /* Products */ = {
			isa = PBXGroup;
			children = (
				D5C215FA25523B4900A65EC7 /* toDoList.app */,
			);
			name = Products;
			sourceTree = "<group>";
		};
		D5C215FC25523B4900A65EC7 /* toDoList */ = {
			isa = PBXGroup;
			children = (
				D5D1219B25525409007D70DC /* Controller */,
				D5627F6025524D1F002395E7 /* Utils */,
				D5627F5C25524C76002395E7 /* View */,
				D5627F5925524B7C002395E7 /* Model */,
				D5C215FD25523B4900A65EC7 /* AppDelegate.swift */,
				D5C215FF25523B4900A65EC7 /* SceneDelegate.swift */,
				D5C2160325523B4900A65EC7 /* Main.storyboard */,
				D5C2160925523B4C00A65EC7 /* Assets.xcassets */,
				D5C2160B25523B4C00A65EC7 /* LaunchScreen.storyboard */,
				D5C2160E25523B4C00A65EC7 /* Info.plist */,
				D5C2160625523B4900A65EC7 /* toDoList.xcdatamodeld */,
			);
			path = toDoList;
			sourceTree = "<group>";
		};
		D5D1219B25525409007D70DC /* Controller */ = {
			isa = PBXGroup;
			children = (
				D5C2160125523B4900A65EC7 /* mainVC.swift */,
				D51E798E2553C4ED00D831E7 /* itemDetailVC.swift */,
			);
			path = Controller;
			sourceTree = "<group>";
		};
/* End PBXGroup section */

/* Begin PBXNativeTarget section */
		D5C215F925523B4900A65EC7 /* toDoList */ = {
			isa = PBXNativeTarget;
			buildConfigurationList = D5C2161125523B4C00A65EC7 /* Build configuration list for PBXNativeTarget "toDoList" */;
			buildPhases = (
				D5C215F625523B4900A65EC7 /* Sources */,
				D5C215F725523B4900A65EC7 /* Frameworks */,
				D5C215F825523B4900A65EC7 /* Resources */,
			);
			buildRules = (
			);
			dependencies = (
			);
			name = toDoList;
			productName = toDoList;
			productReference = D5C215FA25523B4900A65EC7 /* toDoList.app */;
			productType = "com.apple.product-type.application";
		};
/* End PBXNativeTarget section */

/* Begin PBXProject section */
		D5C215F225523B4900A65EC7 /* Project object */ = {
			isa = PBXProject;
			attributes = {
				LastSwiftUpdateCheck = 1210;
				LastUpgradeCheck = 1210;
				TargetAttributes = {
					D5C215F925523B4900A65EC7 = {
						CreatedOnToolsVersion = 12.1;
					};
				};
			};
			buildConfigurationList = D5C215F525523B4900A65EC7 /* Build configuration list for PBXProject "toDoList" */;
			compatibilityVersion = "Xcode 9.3";
			developmentRegion = en;
			hasScannedForEncodings = 0;
			knownRegions = (
				en,
				Base,
			);
			mainGroup = D5C215F125523B4900A65EC7;
			productRefGroup = D5C215FB25523B4900A65EC7 /* Products */;
			projectDirPath = "";
			projectRoot = "";
			targets = (
				D5C215F925523B4900A65EC7 /* toDoList */,
			);
		};
/* End PBXProject section */

/* Begin PBXResourcesBuildPhase section */
		D5C215F825523B4900A65EC7 /* Resources */ = {
			isa = PBXResourcesBuildPhase;
			buildActionMask = 2147483647;
			files = (
				D5C2160D25523B4C00A65EC7 /* LaunchScreen.storyboard in Resources */,
				D5C2160A25523B4C00A65EC7 /* Assets.xcassets in Resources */,
				D5C2160525523B4900A65EC7 /* Main.storyboard in Resources */,
			);
			runOnlyForDeploymentPostprocessing = 0;
		};
/* End PBXResourcesBuildPhase section */

/* Begin PBXSourcesBuildPhase section */
		D5C215F625523B4900A65EC7 /* Sources */ = {
			isa = PBXSourcesBuildPhase;
			buildActionMask = 2147483647;
			files = (
				D5B36E252555025600E3F310 /* enums.swift in Sources */,
				D5C2160225523B4900A65EC7 /* mainVC.swift in Sources */,
				D5627F5425524B6F002395E7 /* Person+CoreDataClass.swift in Sources */,
				D5C215FE25523B4900A65EC7 /* AppDelegate.swift in Sources */,
				D51E798F2553C4ED00D831E7 /* itemDetailVC.swift in Sources */,
				D5627F5625524B6F002395E7 /* Item+CoreDataClass.swift in Sources */,
				D5627F5725524B6F002395E7 /* Item+CoreDataProperties.swift in Sources */,
				D5627F5325524B6F002395E7 /* ItemType+CoreDataProperties.swift in Sources */,
				D5627F5E25524C96002395E7 /* TableViewCell.swift in Sources */,
				D5627F5525524B6F002395E7 /* Person+CoreDataProperties.swift in Sources */,
				D5627F5225524B6F002395E7 /* ItemType+CoreDataClass.swift in Sources */,
				D5C2160025523B4900A65EC7 /* SceneDelegate.swift in Sources */,
				D5627F6225524D32002395E7 /* extensions.swift in Sources */,
				D5C2160825523B4900A65EC7 /* toDoList.xcdatamodeld in Sources */,
			);
			runOnlyForDeploymentPostprocessing = 0;
		};
/* End PBXSourcesBuildPhase section */

/* Begin PBXVariantGroup section */
		D5C2160325523B4900A65EC7 /* Main.storyboard */ = {
			isa = PBXVariantGroup;
			children = (
				D5C2160425523B4900A65EC7 /* Base */,
			);
			name = Main.storyboard;
			sourceTree = "<group>";
		};
		D5C2160B25523B4C00A65EC7 /* LaunchScreen.storyboard */ = {
			isa = PBXVariantGroup;
			children = (
				D5C2160C25523B4C00A65EC7 /* Base */,
			);
			name = LaunchScreen.storyboard;
			sourceTree = "<group>";
		};
/* End PBXVariantGroup section */

/* Begin XCBuildConfiguration section */
		D5C2160F25523B4C00A65EC7 /* Debug */ = {
			isa = XCBuildConfiguration;
			buildSettings = {
				ALWAYS_SEARCH_USER_PATHS = NO;
				CLANG_ANALYZER_NONNULL = YES;
				CLANG_ANALYZER_NUMBER_OBJECT_CONVERSION = YES_AGGRESSIVE;
				CLANG_CXX_LANGUAGE_STANDARD = "gnu++14";
				CLANG_CXX_LIBRARY = "libc++";
				CLANG_ENABLE_MODULES = YES;
				CLANG_ENABLE_OBJC_ARC = YES;
				CLANG_ENABLE_OBJC_WEAK = YES;
				CLANG_WARN_BLOCK_CAPTURE_AUTORELEASING = YES;
				CLANG_WARN_BOOL_CONVERSION = YES;
				CLANG_WARN_COMMA = YES;
				CLANG_WARN_CONSTANT_CONVERSION = YES;
				CLANG_WARN_DEPRECATED_OBJC_IMPLEMENTATIONS = YES;
				CLANG_WARN_DIRECT_OBJC_ISA_USAGE = YES_ERROR;
				CLANG_WARN_DOCUMENTATION_COMMENTS = YES;
				CLANG_WARN_EMPTY_BODY = YES;
				CLANG_WARN_ENUM_CONVERSION = YES;
				CLANG_WARN_INFINITE_RECURSION = YES;
				CLANG_WARN_INT_CONVERSION = YES;
				CLANG_WARN_NON_LITERAL_NULL_CONVERSION = YES;
				CLANG_WARN_OBJC_IMPLICIT_RETAIN_SELF = YES;
				CLANG_WARN_OBJC_LITERAL_CONVERSION = YES;
				CLANG_WARN_OBJC_ROOT_CLASS = YES_ERROR;
				CLANG_WARN_QUOTED_INCLUDE_IN_FRAMEWORK_HEADER = YES;
				CLANG_WARN_RANGE_LOOP_ANALYSIS = YES;
				CLANG_WARN_STRICT_PROTOTYPES = YES;
				CLANG_WARN_SUSPICIOUS_MOVE = YES;
				CLANG_WARN_UNGUARDED_AVAILABILITY = YES_AGGRESSIVE;
				CLANG_WARN_UNREACHABLE_CODE = YES;
				CLANG_WARN__DUPLICATE_METHOD_MATCH = YES;
				COPY_PHASE_STRIP = NO;
				DEBUG_INFORMATION_FORMAT = dwarf;
				ENABLE_STRICT_OBJC_MSGSEND = YES;
				ENABLE_TESTABILITY = YES;
				GCC_C_LANGUAGE_STANDARD = gnu11;
				GCC_DYNAMIC_NO_PIC = NO;
				GCC_NO_COMMON_BLOCKS = YES;
				GCC_OPTIMIZATION_LEVEL = 0;
				GCC_PREPROCESSOR_DEFINITIONS = (
					"DEBUG=1",
					"$(inherited)",
				);
				GCC_WARN_64_TO_32_BIT_CONVERSION = YES;
				GCC_WARN_ABOUT_RETURN_TYPE = YES_ERROR;
				GCC_WARN_UNDECLARED_SELECTOR = YES;
				GCC_WARN_UNINITIALIZED_AUTOS = YES_AGGRESSIVE;
				GCC_WARN_UNUSED_FUNCTION = YES;
				GCC_WARN_UNUSED_VARIABLE = YES;
				IPHONEOS_DEPLOYMENT_TARGET = 14.1;
				MTL_ENABLE_DEBUG_INFO = INCLUDE_SOURCE;
				MTL_FAST_MATH = YES;
				ONLY_ACTIVE_ARCH = YES;
				SDKROOT = iphoneos;
				SWIFT_ACTIVE_COMPILATION_CONDITIONS = DEBUG;
				SWIFT_OPTIMIZATION_LEVEL = "-Onone";
			};
			name = Debug;
		};
		D5C2161025523B4C00A65EC7 /* Release */ = {
			isa = XCBuildConfiguration;
			buildSettings = {
				ALWAYS_SEARCH_USER_PATHS = NO;
				CLANG_ANALYZER_NONNULL = YES;
				CLANG_ANALYZER_NUMBER_OBJECT_CONVERSION = YES_AGGRESSIVE;
				CLANG_CXX_LANGUAGE_STANDARD = "gnu++14";
				CLANG_CXX_LIBRARY = "libc++";
				CLANG_ENABLE_MODULES = YES;
				CLANG_ENABLE_OBJC_ARC = YES;
				CLANG_ENABLE_OBJC_WEAK = YES;
				CLANG_WARN_BLOCK_CAPTURE_AUTORELEASING = YES;
				CLANG_WARN_BOOL_CONVERSION = YES;
				CLANG_WARN_COMMA = YES;
				CLANG_WARN_CONSTANT_CONVERSION = YES;
				CLANG_WARN_DEPRECATED_OBJC_IMPLEMENTATIONS = YES;
				CLANG_WARN_DIRECT_OBJC_ISA_USAGE = YES_ERROR;
				CLANG_WARN_DOCUMENTATION_COMMENTS = YES;
				CLANG_WARN_EMPTY_BODY = YES;
				CLANG_WARN_ENUM_CONVERSION = YES;
				CLANG_WARN_INFINITE_RECURSION = YES;
				CLANG_WARN_INT_CONVERSION = YES;
				CLANG_WARN_NON_LITERAL_NULL_CONVERSION = YES;
				CLANG_WARN_OBJC_IMPLICIT_RETAIN_SELF = YES;
				CLANG_WARN_OBJC_LITERAL_CONVERSION = YES;
				CLANG_WARN_OBJC_ROOT_CLASS = YES_ERROR;
				CLANG_WARN_QUOTED_INCLUDE_IN_FRAMEWORK_HEADER = YES;
				CLANG_WARN_RANGE_LOOP_ANALYSIS = YES;
				CLANG_WARN_STRICT_PROTOTYPES = YES;
				CLANG_WARN_SUSPICIOUS_MOVE = YES;
				CLANG_WARN_UNGUARDED_AVAILABILITY = YES_AGGRESSIVE;
				CLANG_WARN_UNREACHABLE_CODE = YES;
				CLANG_WARN__DUPLICATE_METHOD_MATCH = YES;
				COPY_PHASE_STRIP = NO;
				DEBUG_INFORMATION_FORMAT = "dwarf-with-dsym";
				ENABLE_NS_ASSERTIONS = NO;
				ENABLE_STRICT_OBJC_MSGSEND = YES;
				GCC_C_LANGUAGE_STANDARD = gnu11;
				GCC_NO_COMMON_BLOCKS = YES;
				GCC_WARN_64_TO_32_BIT_CONVERSION = YES;
				GCC_WARN_ABOUT_RETURN_TYPE = YES_ERROR;
				GCC_WARN_UNDECLARED_SELECTOR = YES;
				GCC_WARN_UNINITIALIZED_AUTOS = YES_AGGRESSIVE;
				GCC_WARN_UNUSED_FUNCTION = YES;
				GCC_WARN_UNUSED_VARIABLE = YES;
				IPHONEOS_DEPLOYMENT_TARGET = 14.1;
				MTL_ENABLE_DEBUG_INFO = NO;
				MTL_FAST_MATH = YES;
				SDKROOT = iphoneos;
				SWIFT_COMPILATION_MODE = wholemodule;
				SWIFT_OPTIMIZATION_LEVEL = "-O";
				VALIDATE_PRODUCT = YES;
			};
			name = Release;
		};
		D5C2161225523B4C00A65EC7 /* Debug */ = {
			isa = XCBuildConfiguration;
			buildSettings = {
				ASSETCATALOG_COMPILER_APPICON_NAME = AppIcon;
				ASSETCATALOG_COMPILER_GLOBAL_ACCENT_COLOR_NAME = AccentColor;
				CODE_SIGN_STYLE = Automatic;
				INFOPLIST_FILE = toDoList/Info.plist;
				LD_RUNPATH_SEARCH_PATHS = (
					"$(inherited)",
					"@executable_path/Frameworks",
				);
				PRODUCT_BUNDLE_IDENTIFIER = mohamedF.toDoList;
				PRODUCT_NAME = "$(TARGET_NAME)";
				SWIFT_VERSION = 5.0;
				TARGETED_DEVICE_FAMILY = "1,2";
			};
			name = Debug;
		};
		D5C2161325523B4C00A65EC7 /* Release */ = {
			isa = XCBuildConfiguration;
			buildSettings = {
				ASSETCATALOG_COMPILER_APPICON_NAME = AppIcon;
				ASSETCATALOG_COMPILER_GLOBAL_ACCENT_COLOR_NAME = AccentColor;
				CODE_SIGN_STYLE = Automatic;
				INFOPLIST_FILE = toDoList/Info.plist;
				LD_RUNPATH_SEARCH_PATHS = (
					"$(inherited)",
					"@executable_path/Frameworks",
				);
				PRODUCT_BUNDLE_IDENTIFIER = mohamedF.toDoList;
				PRODUCT_NAME = "$(TARGET_NAME)";
				SWIFT_VERSION = 5.0;
				TARGETED_DEVICE_FAMILY = "1,2";
			};
			name = Release;
		};
/* End XCBuildConfiguration section */

/* Begin XCConfigurationList section */
		D5C215F525523B4900A65EC7 /* Build configuration list for PBXProject "toDoList" */ = {
			isa = XCConfigurationList;
			buildConfigurations = (
				D5C2160F25523B4C00A65EC7 /* Debug */,
				D5C2161025523B4C00A65EC7 /* Release */,
			);
			defaultConfigurationIsVisible = 0;
			defaultConfigurationName = Release;
		};
		D5C2161125523B4C00A65EC7 /* Build configuration list for PBXNativeTarget "toDoList" */ = {
			isa = XCConfigurationList;
			buildConfigurations = (
				D5C2161225523B4C00A65EC7 /* Debug */,
				D5C2161325523B4C00A65EC7 /* Release */,
			);
			defaultConfigurationIsVisible = 0;
			defaultConfigurationName = Release;
		};
/* End XCConfigurationList section */

/* Begin XCVersionGroup section */
		D5C2160625523B4900A65EC7 /* toDoList.xcdatamodeld */ = {
			isa = XCVersionGroup;
			children = (
				D5C2160725523B4900A65EC7 /* toDoList.xcdatamodel */,
			);
			currentVersion = D5C2160725523B4900A65EC7 /* toDoList.xcdatamodel */;
			path = toDoList.xcdatamodeld;
			sourceTree = "<group>";
			versionGroupType = wrapper.xcdatamodel;
		};
/* End XCVersionGroup section */
	};
	rootObject = D5C215F225523B4900A65EC7 /* Project object */;
}
